// !$*UTF8*$!
{
	archiveVersion = 1;
	classes = {
	};
	objectVersion = 48;
	objects = {

/* Begin PBXBuildFile section */
		880B1608200FBEBB00E64A29 /* main.swift in Sources */ = {isa = PBXBuildFile; fileRef = 880B1607200FBEBB00E64A29 /* main.swift */; };
		880B160F200FBF2000E64A29 /* Data+Encoding.swift in Sources */ = {isa = PBXBuildFile; fileRef = 880B160E200FBF2000E64A29 /* Data+Encoding.swift */; };
		880B1617200FBF7500E64A29 /* CryptoPalsTests.swift in Sources */ = {isa = PBXBuildFile; fileRef = 880B1616200FBF7500E64A29 /* CryptoPalsTests.swift */; };
		880B161D200FC21100E64A29 /* Data+Encoding.swift in Sources */ = {isa = PBXBuildFile; fileRef = 880B160E200FBF2000E64A29 /* Data+Encoding.swift */; };
		880B161F200FF3F500E64A29 /* Data+XOR.swift in Sources */ = {isa = PBXBuildFile; fileRef = 880B161E200FF3F500E64A29 /* Data+XOR.swift */; };
		880B1620201007E200E64A29 /* Data+XOR.swift in Sources */ = {isa = PBXBuildFile; fileRef = 880B161E200FF3F500E64A29 /* Data+XOR.swift */; };
		880B1622201009AC00E64A29 /* String+Score.swift in Sources */ = {isa = PBXBuildFile; fileRef = 880B1621201009AC00E64A29 /* String+Score.swift */; };
		880B162320100E9400E64A29 /* String+Score.swift in Sources */ = {isa = PBXBuildFile; fileRef = 880B1621201009AC00E64A29 /* String+Score.swift */; };
		880B162B2010170300E64A29 /* main.swift in Sources */ = {isa = PBXBuildFile; fileRef = 880B162A2010170300E64A29 /* main.swift */; };
		880B162F2010172000E64A29 /* Data+Encoding.swift in Sources */ = {isa = PBXBuildFile; fileRef = 880B160E200FBF2000E64A29 /* Data+Encoding.swift */; };
		880B16302010172000E64A29 /* Data+XOR.swift in Sources */ = {isa = PBXBuildFile; fileRef = 880B161E200FF3F500E64A29 /* Data+XOR.swift */; };
		880B16312010172000E64A29 /* String+Score.swift in Sources */ = {isa = PBXBuildFile; fileRef = 880B1621201009AC00E64A29 /* String+Score.swift */; };
		880B1635201017A600E64A29 /* CommonFunctions.swift in Sources */ = {isa = PBXBuildFile; fileRef = 880B1634201017A600E64A29 /* CommonFunctions.swift */; };
		880B16362010187900E64A29 /* CommonFunctions.swift in Sources */ = {isa = PBXBuildFile; fileRef = 880B1634201017A600E64A29 /* CommonFunctions.swift */; };
		880B16372010187900E64A29 /* CommonFunctions.swift in Sources */ = {isa = PBXBuildFile; fileRef = 880B1634201017A600E64A29 /* CommonFunctions.swift */; };
		880B163B20101D3F00E64A29 /* String+Hamming.swift in Sources */ = {isa = PBXBuildFile; fileRef = 880B163A20101D3F00E64A29 /* String+Hamming.swift */; };
		880B163C20101EAB00E64A29 /* String+Hamming.swift in Sources */ = {isa = PBXBuildFile; fileRef = 880B163A20101D3F00E64A29 /* String+Hamming.swift */; };
		880B163D20101EAB00E64A29 /* String+Hamming.swift in Sources */ = {isa = PBXBuildFile; fileRef = 880B163A20101D3F00E64A29 /* String+Hamming.swift */; };
/* End PBXBuildFile section */

/* Begin PBXCopyFilesBuildPhase section */
		880B1602200FBEBB00E64A29 /* CopyFiles */ = {
			isa = PBXCopyFilesBuildPhase;
			buildActionMask = 2147483647;
			dstPath = /usr/share/man/man1/;
			dstSubfolderSpec = 0;
			files = (
			);
			runOnlyForDeploymentPostprocessing = 1;
		};
		880B16262010170300E64A29 /* CopyFiles */ = {
			isa = PBXCopyFilesBuildPhase;
			buildActionMask = 2147483647;
			dstPath = /usr/share/man/man1/;
			dstSubfolderSpec = 0;
			files = (
			);
			runOnlyForDeploymentPostprocessing = 1;
		};
/* End PBXCopyFilesBuildPhase section */

/* Begin PBXFileReference section */
		880B1604200FBEBB00E64A29 /* CryptoPals */ = {isa = PBXFileReference; explicitFileType = "compiled.mach-o.executable"; includeInIndex = 0; path = CryptoPals; sourceTree = BUILT_PRODUCTS_DIR; };
		880B1607200FBEBB00E64A29 /* main.swift */ = {isa = PBXFileReference; lastKnownFileType = sourcecode.swift; path = main.swift; sourceTree = "<group>"; };
		880B160E200FBF2000E64A29 /* Data+Encoding.swift */ = {isa = PBXFileReference; lastKnownFileType = sourcecode.swift; path = "Data+Encoding.swift"; sourceTree = "<group>"; };
		880B1614200FBF7500E64A29 /* CryptoPalsTests.xctest */ = {isa = PBXFileReference; explicitFileType = wrapper.cfbundle; includeInIndex = 0; path = CryptoPalsTests.xctest; sourceTree = BUILT_PRODUCTS_DIR; };
		880B1616200FBF7500E64A29 /* CryptoPalsTests.swift */ = {isa = PBXFileReference; lastKnownFileType = sourcecode.swift; path = CryptoPalsTests.swift; sourceTree = "<group>"; };
		880B1618200FBF7500E64A29 /* Info.plist */ = {isa = PBXFileReference; lastKnownFileType = text.plist.xml; path = Info.plist; sourceTree = "<group>"; };
		880B161E200FF3F500E64A29 /* Data+XOR.swift */ = {isa = PBXFileReference; lastKnownFileType = sourcecode.swift; path = "Data+XOR.swift"; sourceTree = "<group>"; };
		880B1621201009AC00E64A29 /* String+Score.swift */ = {isa = PBXFileReference; lastKnownFileType = sourcecode.swift; path = "String+Score.swift"; sourceTree = "<group>"; };
		880B16282010170300E64A29 /* RepeatingXorEncrypt */ = {isa = PBXFileReference; explicitFileType = "compiled.mach-o.executable"; includeInIndex = 0; path = RepeatingXorEncrypt; sourceTree = BUILT_PRODUCTS_DIR; };
		880B162A2010170300E64A29 /* main.swift */ = {isa = PBXFileReference; lastKnownFileType = sourcecode.swift; path = main.swift; sourceTree = "<group>"; };
		880B1634201017A600E64A29 /* CommonFunctions.swift */ = {isa = PBXFileReference; lastKnownFileType = sourcecode.swift; path = CommonFunctions.swift; sourceTree = "<group>"; };
		880B163A20101D3F00E64A29 /* String+Hamming.swift */ = {isa = PBXFileReference; lastKnownFileType = sourcecode.swift; path = "String+Hamming.swift"; sourceTree = "<group>"; };
/* End PBXFileReference section */

/* Begin PBXFrameworksBuildPhase section */
		880B1601200FBEBB00E64A29 /* Frameworks */ = {
			isa = PBXFrameworksBuildPhase;
			buildActionMask = 2147483647;
			files = (
			);
			runOnlyForDeploymentPostprocessing = 0;
		};
		880B1611200FBF7500E64A29 /* Frameworks */ = {
			isa = PBXFrameworksBuildPhase;
			buildActionMask = 2147483647;
			files = (
			);
			runOnlyForDeploymentPostprocessing = 0;
		};
		880B16252010170300E64A29 /* Frameworks */ = {
			isa = PBXFrameworksBuildPhase;
			buildActionMask = 2147483647;
			files = (
			);
			runOnlyForDeploymentPostprocessing = 0;
		};
/* End PBXFrameworksBuildPhase section */

/* Begin PBXGroup section */
		880B15FB200FBEBB00E64A29 = {
			isa = PBXGroup;
			children = (
				880B1606200FBEBB00E64A29 /* CryptoPals */,
				880B1615200FBF7500E64A29 /* CryptoPalsTests */,
				880B16292010170300E64A29 /* RepeatingXorEncrypt */,
				880B1605200FBEBB00E64A29 /* Products */,
			);
			sourceTree = "<group>";
		};
		880B1605200FBEBB00E64A29 /* Products */ = {
			isa = PBXGroup;
			children = (
				880B1604200FBEBB00E64A29 /* CryptoPals */,
				880B1614200FBF7500E64A29 /* CryptoPalsTests.xctest */,
				880B16282010170300E64A29 /* RepeatingXorEncrypt */,
			);
			name = Products;
			sourceTree = "<group>";
		};
		880B1606200FBEBB00E64A29 /* CryptoPals */ = {
			isa = PBXGroup;
			children = (
				880B1607200FBEBB00E64A29 /* main.swift */,
				880B160E200FBF2000E64A29 /* Data+Encoding.swift */,
				880B161E200FF3F500E64A29 /* Data+XOR.swift */,
				880B1621201009AC00E64A29 /* String+Score.swift */,
				880B1634201017A600E64A29 /* CommonFunctions.swift */,
				880B163A20101D3F00E64A29 /* String+Hamming.swift */,
			);
			path = CryptoPals;
			sourceTree = "<group>";
		};
		880B1615200FBF7500E64A29 /* CryptoPalsTests */ = {
			isa = PBXGroup;
			children = (
				880B1616200FBF7500E64A29 /* CryptoPalsTests.swift */,
				880B1618200FBF7500E64A29 /* Info.plist */,
			);
			path = CryptoPalsTests;
			sourceTree = "<group>";
		};
		880B16292010170300E64A29 /* RepeatingXorEncrypt */ = {
			isa = PBXGroup;
			children = (
				880B162A2010170300E64A29 /* main.swift */,
			);
			path = RepeatingXorEncrypt;
			sourceTree = "<group>";
		};
/* End PBXGroup section */

/* Begin PBXNativeTarget section */
		880B1603200FBEBB00E64A29 /* CryptoPals */ = {
			isa = PBXNativeTarget;
			buildConfigurationList = 880B160B200FBEBB00E64A29 /* Build configuration list for PBXNativeTarget "CryptoPals" */;
			buildPhases = (
				880B1600200FBEBB00E64A29 /* Sources */,
				880B1601200FBEBB00E64A29 /* Frameworks */,
				880B1602200FBEBB00E64A29 /* CopyFiles */,
			);
			buildRules = (
			);
			dependencies = (
			);
			name = CryptoPals;
			productName = CryptoPals;
			productReference = 880B1604200FBEBB00E64A29 /* CryptoPals */;
			productType = "com.apple.product-type.tool";
		};
		880B1613200FBF7500E64A29 /* CryptoPalsTests */ = {
			isa = PBXNativeTarget;
			buildConfigurationList = 880B1619200FBF7500E64A29 /* Build configuration list for PBXNativeTarget "CryptoPalsTests" */;
			buildPhases = (
				880B1610200FBF7500E64A29 /* Sources */,
				880B1611200FBF7500E64A29 /* Frameworks */,
				880B1612200FBF7500E64A29 /* Resources */,
			);
			buildRules = (
			);
			dependencies = (
			);
			name = CryptoPalsTests;
			productName = CryptoPalsTests;
			productReference = 880B1614200FBF7500E64A29 /* CryptoPalsTests.xctest */;
			productType = "com.apple.product-type.bundle.unit-test";
		};
		880B16272010170300E64A29 /* RepeatingXorEncrypt */ = {
			isa = PBXNativeTarget;
			buildConfigurationList = 880B162C2010170300E64A29 /* Build configuration list for PBXNativeTarget "RepeatingXorEncrypt" */;
			buildPhases = (
				880B16242010170300E64A29 /* Sources */,
				880B16252010170300E64A29 /* Frameworks */,
				880B16262010170300E64A29 /* CopyFiles */,
			);
			buildRules = (
			);
			dependencies = (
			);
			name = RepeatingXorEncrypt;
			productName = RepeatingXorEncrypt;
			productReference = 880B16282010170300E64A29 /* RepeatingXorEncrypt */;
			productType = "com.apple.product-type.tool";
		};
/* End PBXNativeTarget section */

/* Begin PBXProject section */
		880B15FC200FBEBB00E64A29 /* Project object */ = {
			isa = PBXProject;
			attributes = {
				LastSwiftUpdateCheck = 0920;
				LastUpgradeCheck = 0920;
				ORGANIZATIONNAME = "Al Wold";
				TargetAttributes = {
					880B1603200FBEBB00E64A29 = {
						CreatedOnToolsVersion = 9.2;
						ProvisioningStyle = Automatic;
					};
					880B1613200FBF7500E64A29 = {
						CreatedOnToolsVersion = 9.2;
						ProvisioningStyle = Automatic;
					};
					880B16272010170300E64A29 = {
						CreatedOnToolsVersion = 9.2;
						ProvisioningStyle = Automatic;
					};
				};
			};
			buildConfigurationList = 880B15FF200FBEBB00E64A29 /* Build configuration list for PBXProject "CryptoPals" */;
			compatibilityVersion = "Xcode 8.0";
			developmentRegion = en;
			hasScannedForEncodings = 0;
			knownRegions = (
				en,
			);
			mainGroup = 880B15FB200FBEBB00E64A29;
			productRefGroup = 880B1605200FBEBB00E64A29 /* Products */;
			projectDirPath = "";
			projectRoot = "";
			targets = (
				880B1603200FBEBB00E64A29 /* CryptoPals */,
				880B1613200FBF7500E64A29 /* CryptoPalsTests */,
				880B16272010170300E64A29 /* RepeatingXorEncrypt */,
			);
		};
/* End PBXProject section */

/* Begin PBXResourcesBuildPhase section */
		880B1612200FBF7500E64A29 /* Resources */ = {
			isa = PBXResourcesBuildPhase;
			buildActionMask = 2147483647;
			files = (
			);
			runOnlyForDeploymentPostprocessing = 0;
		};
/* End PBXResourcesBuildPhase section */

/* Begin PBXSourcesBuildPhase section */
		880B1600200FBEBB00E64A29 /* Sources */ = {
			isa = PBXSourcesBuildPhase;
			buildActionMask = 2147483647;
			files = (
				880B1635201017A600E64A29 /* CommonFunctions.swift in Sources */,
				880B160F200FBF2000E64A29 /* Data+Encoding.swift in Sources */,
				880B161F200FF3F500E64A29 /* Data+XOR.swift in Sources */,
				880B1608200FBEBB00E64A29 /* main.swift in Sources */,
				880B163B20101D3F00E64A29 /* String+Hamming.swift in Sources */,
				880B1622201009AC00E64A29 /* String+Score.swift in Sources */,
			);
			runOnlyForDeploymentPostprocessing = 0;
		};
		880B1610200FBF7500E64A29 /* Sources */ = {
			isa = PBXSourcesBuildPhase;
			buildActionMask = 2147483647;
			files = (
				880B16362010187900E64A29 /* CommonFunctions.swift in Sources */,
				880B161D200FC21100E64A29 /* Data+Encoding.swift in Sources */,
				880B162320100E9400E64A29 /* String+Score.swift in Sources */,
				880B1617200FBF7500E64A29 /* CryptoPalsTests.swift in Sources */,
				880B163C20101EAB00E64A29 /* String+Hamming.swift in Sources */,
				880B1620201007E200E64A29 /* Data+XOR.swift in Sources */,
			);
			runOnlyForDeploymentPostprocessing = 0;
		};
		880B16242010170300E64A29 /* Sources */ = {
			isa = PBXSourcesBuildPhase;
			buildActionMask = 2147483647;
			files = (
				880B162F2010172000E64A29 /* Data+Encoding.swift in Sources */,
				880B16302010172000E64A29 /* Data+XOR.swift in Sources */,
				880B16372010187900E64A29 /* CommonFunctions.swift in Sources */,
				880B162B2010170300E64A29 /* main.swift in Sources */,
				880B163D20101EAB00E64A29 /* String+Hamming.swift in Sources */,
				880B16312010172000E64A29 /* String+Score.swift in Sources */,
			);
			runOnlyForDeploymentPostprocessing = 0;
		};
/* End PBXSourcesBuildPhase section */

/* Begin XCBuildConfiguration section */
		880B1609200FBEBB00E64A29 /* Debug */ = {
			isa = XCBuildConfiguration;
			buildSettings = {
				ALWAYS_SEARCH_USER_PATHS = NO;
				CLANG_ANALYZER_NONNULL = YES;
				CLANG_ANALYZER_NUMBER_OBJECT_CONVERSION = YES_AGGRESSIVE;
				CLANG_CXX_LANGUAGE_STANDARD = "gnu++14";
				CLANG_CXX_LIBRARY = "libc++";
				CLANG_ENABLE_MODULES = YES;
				CLANG_ENABLE_OBJC_ARC = YES;
				CLANG_WARN_BLOCK_CAPTURE_AUTORELEASING = YES;
				CLANG_WARN_BOOL_CONVERSION = YES;
				CLANG_WARN_COMMA = YES;
				CLANG_WARN_CONSTANT_CONVERSION = YES;
				CLANG_WARN_DIRECT_OBJC_ISA_USAGE = YES_ERROR;
				CLANG_WARN_DOCUMENTATION_COMMENTS = YES;
				CLANG_WARN_EMPTY_BODY = YES;
				CLANG_WARN_ENUM_CONVERSION = YES;
				CLANG_WARN_INFINITE_RECURSION = YES;
				CLANG_WARN_INT_CONVERSION = YES;
				CLANG_WARN_NON_LITERAL_NULL_CONVERSION = YES;
				CLANG_WARN_OBJC_LITERAL_CONVERSION = YES;
				CLANG_WARN_OBJC_ROOT_CLASS = YES_ERROR;
				CLANG_WARN_RANGE_LOOP_ANALYSIS = YES;
				CLANG_WARN_STRICT_PROTOTYPES = YES;
				CLANG_WARN_SUSPICIOUS_MOVE = YES;
				CLANG_WARN_UNGUARDED_AVAILABILITY = YES_AGGRESSIVE;
				CLANG_WARN_UNREACHABLE_CODE = YES;
				CLANG_WARN__DUPLICATE_METHOD_MATCH = YES;
				CODE_SIGN_IDENTITY = "Mac Developer";
				COPY_PHASE_STRIP = NO;
				DEBUG_INFORMATION_FORMAT = dwarf;
				ENABLE_STRICT_OBJC_MSGSEND = YES;
				ENABLE_TESTABILITY = YES;
				GCC_C_LANGUAGE_STANDARD = gnu11;
				GCC_DYNAMIC_NO_PIC = NO;
				GCC_NO_COMMON_BLOCKS = YES;
				GCC_OPTIMIZATION_LEVEL = 0;
				GCC_PREPROCESSOR_DEFINITIONS = (
					"DEBUG=1",
					"$(inherited)",
				);
				GCC_WARN_64_TO_32_BIT_CONVERSION = YES;
				GCC_WARN_ABOUT_RETURN_TYPE = YES_ERROR;
				GCC_WARN_UNDECLARED_SELECTOR = YES;
				GCC_WARN_UNINITIALIZED_AUTOS = YES_AGGRESSIVE;
				GCC_WARN_UNUSED_FUNCTION = YES;
				GCC_WARN_UNUSED_VARIABLE = YES;
				MACOSX_DEPLOYMENT_TARGET = 10.13;
				MTL_ENABLE_DEBUG_INFO = YES;
				ONLY_ACTIVE_ARCH = YES;
				SDKROOT = macosx;
				SWIFT_ACTIVE_COMPILATION_CONDITIONS = DEBUG;
				SWIFT_OPTIMIZATION_LEVEL = "-Onone";
			};
			name = Debug;
		};
		880B160A200FBEBB00E64A29 /* Release */ = {
			isa = XCBuildConfiguration;
			buildSettings = {
				ALWAYS_SEARCH_USER_PATHS = NO;
				CLANG_ANALYZER_NONNULL = YES;
				CLANG_ANALYZER_NUMBER_OBJECT_CONVERSION = YES_AGGRESSIVE;
				CLANG_CXX_LANGUAGE_STANDARD = "gnu++14";
				CLANG_CXX_LIBRARY = "libc++";
				CLANG_ENABLE_MODULES = YES;
				CLANG_ENABLE_OBJC_ARC = YES;
				CLANG_WARN_BLOCK_CAPTURE_AUTORELEASING = YES;
				CLANG_WARN_BOOL_CONVERSION = YES;
				CLANG_WARN_COMMA = YES;
				CLANG_WARN_CONSTANT_CONVERSION = YES;
				CLANG_WARN_DIRECT_OBJC_ISA_USAGE = YES_ERROR;
				CLANG_WARN_DOCUMENTATION_COMMENTS = YES;
				CLANG_WARN_EMPTY_BODY = YES;
				CLANG_WARN_ENUM_CONVERSION = YES;
				CLANG_WARN_INFINITE_RECURSION = YES;
				CLANG_WARN_INT_CONVERSION = YES;
				CLANG_WARN_NON_LITERAL_NULL_CONVERSION = YES;
				CLANG_WARN_OBJC_LITERAL_CONVERSION = YES;
				CLANG_WARN_OBJC_ROOT_CLASS = YES_ERROR;
				CLANG_WARN_RANGE_LOOP_ANALYSIS = YES;
				CLANG_WARN_STRICT_PROTOTYPES = YES;
				CLANG_WARN_SUSPICIOUS_MOVE = YES;
				CLANG_WARN_UNGUARDED_AVAILABILITY = YES_AGGRESSIVE;
				CLANG_WARN_UNREACHABLE_CODE = YES;
				CLANG_WARN__DUPLICATE_METHOD_MATCH = YES;
				CODE_SIGN_IDENTITY = "Mac Developer";
				COPY_PHASE_STRIP = NO;
				DEBUG_INFORMATION_FORMAT = "dwarf-with-dsym";
				ENABLE_NS_ASSERTIONS = NO;
				ENABLE_STRICT_OBJC_MSGSEND = YES;
				GCC_C_LANGUAGE_STANDARD = gnu11;
				GCC_NO_COMMON_BLOCKS = YES;
				GCC_WARN_64_TO_32_BIT_CONVERSION = YES;
				GCC_WARN_ABOUT_RETURN_TYPE = YES_ERROR;
				GCC_WARN_UNDECLARED_SELECTOR = YES;
				GCC_WARN_UNINITIALIZED_AUTOS = YES_AGGRESSIVE;
				GCC_WARN_UNUSED_FUNCTION = YES;
				GCC_WARN_UNUSED_VARIABLE = YES;
				MACOSX_DEPLOYMENT_TARGET = 10.13;
				MTL_ENABLE_DEBUG_INFO = NO;
				SDKROOT = macosx;
				SWIFT_OPTIMIZATION_LEVEL = "-Owholemodule";
			};
			name = Release;
		};
		880B160C200FBEBB00E64A29 /* Debug */ = {
			isa = XCBuildConfiguration;
			buildSettings = {
				CODE_SIGN_STYLE = Automatic;
				DEVELOPMENT_TEAM = 92NQLRQ9J6;
				PRODUCT_NAME = "$(TARGET_NAME)";
				SWIFT_VERSION = 4.0;
			};
			name = Debug;
		};
		880B160D200FBEBB00E64A29 /* Release */ = {
			isa = XCBuildConfiguration;
			buildSettings = {
				CODE_SIGN_STYLE = Automatic;
				DEVELOPMENT_TEAM = 92NQLRQ9J6;
				PRODUCT_NAME = "$(TARGET_NAME)";
				SWIFT_VERSION = 4.0;
			};
			name = Release;
		};
		880B161A200FBF7500E64A29 /* Debug */ = {
			isa = XCBuildConfiguration;
			buildSettings = {
				CODE_SIGN_STYLE = Automatic;
				COMBINE_HIDPI_IMAGES = YES;
				DEVELOPMENT_TEAM = 92NQLRQ9J6;
				INFOPLIST_FILE = CryptoPalsTests/Info.plist;
				LD_RUNPATH_SEARCH_PATHS = "$(inherited) @executable_path/../Frameworks @loader_path/../Frameworks";
				PRODUCT_BUNDLE_IDENTIFIER = a.trusona.com.CryptoPalsTests;
				PRODUCT_NAME = "$(TARGET_NAME)";
				SWIFT_VERSION = 4.0;
			};
			name = Debug;
		};
		880B161B200FBF7500E64A29 /* Release */ = {
			isa = XCBuildConfiguration;
			buildSettings = {
				CODE_SIGN_STYLE = Automatic;
				COMBINE_HIDPI_IMAGES = YES;
				DEVELOPMENT_TEAM = 92NQLRQ9J6;
				INFOPLIST_FILE = CryptoPalsTests/Info.plist;
				LD_RUNPATH_SEARCH_PATHS = "$(inherited) @executable_path/../Frameworks @loader_path/../Frameworks";
				PRODUCT_BUNDLE_IDENTIFIER = a.trusona.com.CryptoPalsTests;
				PRODUCT_NAME = "$(TARGET_NAME)";
				SWIFT_VERSION = 4.0;
			};
			name = Release;
		};
		880B162D2010170300E64A29 /* Debug */ = {
			isa = XCBuildConfiguration;
			buildSettings = {
				CODE_SIGN_STYLE = Automatic;
				DEVELOPMENT_TEAM = 92NQLRQ9J6;
				PRODUCT_NAME = "$(TARGET_NAME)";
				SWIFT_VERSION = 4.0;
			};
			name = Debug;
		};
		880B162E2010170300E64A29 /* Release */ = {
			isa = XCBuildConfiguration;
			buildSettings = {
				CODE_SIGN_STYLE = Automatic;
				DEVELOPMENT_TEAM = 92NQLRQ9J6;
				PRODUCT_NAME = "$(TARGET_NAME)";
				SWIFT_VERSION = 4.0;
			};
			name = Release;
		};
/* End XCBuildConfiguration section */

/* Begin XCConfigurationList section */
		880B15FF200FBEBB00E64A29 /* Build configuration list for PBXProject "CryptoPals" */ = {
			isa = XCConfigurationList;
			buildConfigurations = (
				880B1609200FBEBB00E64A29 /* Debug */,
				880B160A200FBEBB00E64A29 /* Release */,
			);
			defaultConfigurationIsVisible = 0;
			defaultConfigurationName = Release;
		};
		880B160B200FBEBB00E64A29 /* Build configuration list for PBXNativeTarget "CryptoPals" */ = {
			isa = XCConfigurationList;
			buildConfigurations = (
				880B160C200FBEBB00E64A29 /* Debug */,
				880B160D200FBEBB00E64A29 /* Release */,
			);
			defaultConfigurationIsVisible = 0;
			defaultConfigurationName = Release;
		};
		880B1619200FBF7500E64A29 /* Build configuration list for PBXNativeTarget "CryptoPalsTests" */ = {
			isa = XCConfigurationList;
			buildConfigurations = (
				880B161A200FBF7500E64A29 /* Debug */,
				880B161B200FBF7500E64A29 /* Release */,
			);
			defaultConfigurationIsVisible = 0;
			defaultConfigurationName = Release;
		};
		880B162C2010170300E64A29 /* Build configuration list for PBXNativeTarget "RepeatingXorEncrypt" */ = {
			isa = XCConfigurationList;
			buildConfigurations = (
				880B162D2010170300E64A29 /* Debug */,
				880B162E2010170300E64A29 /* Release */,
			);
			defaultConfigurationIsVisible = 0;
			defaultConfigurationName = Release;
		};
/* End XCConfigurationList section */
	};
	rootObject = 880B15FC200FBEBB00E64A29 /* Project object */;
}
